
Microsoft Visual Studio Solution File, Format Version 12.00
# Visual Studio Version 16
VisualStudioVersion = 16.0.32126.315
MinimumVisualStudioVersion = 10.0.40219.1
Project("{FAE04EC0-301F-11D3-BF4B-00C04F79EFBC}") = "RecipeRobber.WebMVC", "RecipeRobber.MVC\RecipeRobber.WebMVC.csproj", "{091AA5B4-3283-400D-ADA1-B0FB9CD5EFAA}"
EndProject
Project("{FAE04EC0-301F-11D3-BF4B-00C04F79EFBC}") = "RecipeRobber.Data", "RecipeRobber.Data\RecipeRobber.Data.csproj", "{3DE99BD1-33E9-4C5C-9F94-F73DAB3613F8}"
EndProject
Project("{FAE04EC0-301F-11D3-BF4B-00C04F79EFBC}") = "RecipeRobber.Models", "RecipeRobber.Models\RecipeRobber.Models.csproj", "{98785B9F-8A2E-4610-8670-C6777CAA234B}"
EndProject
Project("{FAE04EC0-301F-11D3-BF4B-00C04F79EFBC}") = "RecipeRobber.Services", "RecipeRobber.Services\RecipeRobber.Services.csproj", "{9307C908-6E39-4F5D-BDCB-5303BD654A31}"
EndProject
Global
	GlobalSection(SolutionConfigurationPlatforms) = preSolution
		Debug|Any CPU = Debug|Any CPU
		Release|Any CPU = Release|Any CPU
	EndGlobalSection
	GlobalSection(ProjectConfigurationPlatforms) = postSolution
		{091AA5B4-3283-400D-ADA1-B0FB9CD5EFAA}.Debug|Any CPU.ActiveCfg = Debug|Any CPU
		{091AA5B4-3283-400D-ADA1-B0FB9CD5EFAA}.Debug|Any CPU.Build.0 = Debug|Any CPU
		{091AA5B4-3283-400D-ADA1-B0FB9CD5EFAA}.Release|Any CPU.ActiveCfg = Release|Any CPU
		{091AA5B4-3283-400D-ADA1-B0FB9CD5EFAA}.Release|Any CPU.Build.0 = Release|Any CPU
		{3DE99BD1-33E9-4C5C-9F94-F73DAB3613F8}.Debug|Any CPU.ActiveCfg = Debug|Any CPU
		{3DE99BD1-33E9-4C5C-9F94-F73DAB3613F8}.Debug|Any CPU.Build.0 = Debug|Any CPU
		{3DE99BD1-33E9-4C5C-9F94-F73DAB3613F8}.Release|Any CPU.ActiveCfg = Release|Any CPU
		{3DE99BD1-33E9-4C5C-9F94-F73DAB3613F8}.Release|Any CPU.Build.0 = Release|Any CPU
		{98785B9F-8A2E-4610-8670-C6777CAA234B}.Debug|Any CPU.ActiveCfg = Debug|Any CPU
		{98785B9F-8A2E-4610-8670-C6777CAA234B}.Debug|Any CPU.Build.0 = Debug|Any CPU
		{98785B9F-8A2E-4610-8670-C6777CAA234B}.Release|Any CPU.ActiveCfg = Release|Any CPU
		{98785B9F-8A2E-4610-8670-C6777CAA234B}.Release|Any CPU.Build.0 = Release|Any CPU
		{9307C908-6E39-4F5D-BDCB-5303BD654A31}.Debug|Any CPU.ActiveCfg = Debug|Any CPU
		{9307C908-6E39-4F5D-BDCB-5303BD654A31}.Debug|Any CPU.Build.0 = Debug|Any CPU
		{9307C908-6E39-4F5D-BDCB-5303BD654A31}.Release|Any CPU.ActiveCfg = Release|Any CPU
		{9307C908-6E39-4F5D-BDCB-5303BD654A31}.Release|Any CPU.Build.0 = Release|Any CPU
	EndGlobalSection
	GlobalSection(SolutionProperties) = preSolution
		HideSolutionNode = FALSE
	EndGlobalSection
	GlobalSection(ExtensibilityGlobals) = postSolution
		SolutionGuid = {4CF67DBB-B47C-42DD-9882-12939C6053A1}
	EndGlobalSection
EndGlobal
